// !$*UTF8*$!
{
	archiveVersion = 1;
	classes = {
	};
	objectVersion = 50;
	objects = {

/* Begin PBXBuildFile section */
		025CF6C62637362300FE0AFF /* DynamicCast.h in Headers */ = {isa = PBXBuildFile; fileRef = 02B4C4BE26372ED200FF4EDA /* DynamicCast.h */; };
		025CF6C72637362300FE0AFF /* CVHelper.hpp in Headers */ = {isa = PBXBuildFile; fileRef = 021EB79E2601EF4200B0BD76 /* CVHelper.hpp */; };
		025CF6C82637362300FE0AFF /* Basedefs.h in Headers */ = {isa = PBXBuildFile; fileRef = 0254D0B22610C416001462F2 /* Basedefs.h */; };
		02B4C4C026372F6100FF4EDA /* DynamicCast.cpp in Sources */ = {isa = PBXBuildFile; fileRef = 02B4C4BF26372F6100FF4EDA /* DynamicCast.cpp */; };
		02B4C5CF263730FD00FF4EDA /* libopencv_core.dylib in Frameworks */ = {isa = PBXBuildFile; fileRef = 02394C6A2605036B00A013D0 /* libopencv_core.dylib */; };
		02B4C5D02637310200FF4EDA /* libopencv_imgcodecs.dylib in Frameworks */ = {isa = PBXBuildFile; fileRef = 02394C6C2605039800A013D0 /* libopencv_imgcodecs.dylib */; };
		02B4C5D12637310400FF4EDA /* libopencv_imgproc.dylib in Frameworks */ = {isa = PBXBuildFile; fileRef = 02394C6E260503A000A013D0 /* libopencv_imgproc.dylib */; };
		02B4C5D22637310A00FF4EDA /* libsqlite3.0.dylib in Frameworks */ = {isa = PBXBuildFile; fileRef = 021AC7A02610F475007F01B9 /* libsqlite3.0.dylib */; };
		02B4C5D32637336A00FF4EDA /* CVHelper.cpp in Sources */ = {isa = PBXBuildFile; fileRef = 021AC7A326110732007F01B9 /* CVHelper.cpp */; };
/* End PBXBuildFile section */

/* Begin PBXFileReference section */
		021AC7A02610F475007F01B9 /* libsqlite3.0.dylib */ = {isa = PBXFileReference; lastKnownFileType = "compiled.mach-o.dylib"; name = libsqlite3.0.dylib; path = ../../../../usr/local/Cellar/sqlite/3.35.2/lib/libsqlite3.0.dylib; sourceTree = "<group>"; };
		021AC7A326110732007F01B9 /* CVHelper.cpp */ = {isa = PBXFileReference; fileEncoding = 4; lastKnownFileType = sourcecode.cpp.cpp; name = CVHelper.cpp; path = DynamicCast/CVHelper.cpp; sourceTree = SOURCE_ROOT; };
		021EB79E2601EF4200B0BD76 /* CVHelper.hpp */ = {isa = PBXFileReference; lastKnownFileType = sourcecode.cpp.h; path = CVHelper.hpp; sourceTree = "<group>"; };
		02394C6A2605036B00A013D0 /* libopencv_core.dylib */ = {isa = PBXFileReference; lastKnownFileType = "compiled.mach-o.dylib"; name = libopencv_core.dylib; path = ../../../../usr/local/lib/libopencv_core.dylib; sourceTree = "<group>"; };
		02394C6C2605039800A013D0 /* libopencv_imgcodecs.dylib */ = {isa = PBXFileReference; lastKnownFileType = "compiled.mach-o.dylib"; name = libopencv_imgcodecs.dylib; path = ../../../../usr/local/lib/libopencv_imgcodecs.dylib; sourceTree = "<group>"; };
		02394C6E260503A000A013D0 /* libopencv_imgproc.dylib */ = {isa = PBXFileReference; lastKnownFileType = "compiled.mach-o.dylib"; name = libopencv_imgproc.dylib; path = ../../../../usr/local/lib/libopencv_imgproc.dylib; sourceTree = "<group>"; };
		0254D0B22610C416001462F2 /* Basedefs.h */ = {isa = PBXFileReference; lastKnownFileType = sourcecode.c.h; path = Basedefs.h; sourceTree = "<group>"; };
		02A6B25826378DD40001CAF1 /* haha.h */ = {isa = PBXFileReference; lastKnownFileType = sourcecode.c.h; path = haha.h; sourceTree = "<group>"; };
		02A6B25A26378DD40001CAF1 /* haha.m */ = {isa = PBXFileReference; lastKnownFileType = sourcecode.c.objc; path = haha.m; sourceTree = "<group>"; };
		02B4C4B426372D2800FF4EDA /* libDynamicCast.dylib */ = {isa = PBXFileReference; explicitFileType = "compiled.mach-o.dylib"; includeInIndex = 0; path = libDynamicCast.dylib; sourceTree = BUILT_PRODUCTS_DIR; };
		02B4C4BE26372ED200FF4EDA /* DynamicCast.h */ = {isa = PBXFileReference; lastKnownFileType = sourcecode.c.h; path = DynamicCast.h; sourceTree = "<group>"; };
		02B4C4BF26372F6100FF4EDA /* DynamicCast.cpp */ = {isa = PBXFileReference; fileEncoding = 4; lastKnownFileType = sourcecode.cpp.cpp; name = DynamicCast.cpp; path = DynamicCast/DynamicCast.cpp; sourceTree = SOURCE_ROOT; };
		02E1C1FF2605E6A700ADE9D4 /* libopencv_highgui.dylib */ = {isa = PBXFileReference; lastKnownFileType = "compiled.mach-o.dylib"; name = libopencv_highgui.dylib; path = ../../../../usr/local/lib/libopencv_highgui.dylib; sourceTree = "<group>"; };
/* End PBXFileReference section */

/* Begin PBXFrameworksBuildPhase section */
		02B4C4B126372D2800FF4EDA /* Frameworks */ = {
			isa = PBXFrameworksBuildPhase;
			buildActionMask = 2147483647;
			files = (
				02B4C5CF263730FD00FF4EDA /* libopencv_core.dylib in Frameworks */,
				02B4C5D02637310200FF4EDA /* libopencv_imgcodecs.dylib in Frameworks */,
				02B4C5D12637310400FF4EDA /* libopencv_imgproc.dylib in Frameworks */,
				02B4C5D22637310A00FF4EDA /* libsqlite3.0.dylib in Frameworks */,
			);
			runOnlyForDeploymentPostprocessing = 0;
		};
/* End PBXFrameworksBuildPhase section */

/* Begin PBXGroup section */
		021AC7982610EE19007F01B9 /* Header File */ = {
			isa = PBXGroup;
			children = (
				02B4C4BE26372ED200FF4EDA /* DynamicCast.h */,
				021EB79E2601EF4200B0BD76 /* CVHelper.hpp */,
				0254D0B22610C416001462F2 /* Basedefs.h */,
			);
			name = "Header File";
			sourceTree = "<group>";
		};
		021EB78F2601E47200B0BD76 /* Frameworks */ = {
			isa = PBXGroup;
			children = (
				021AC7A02610F475007F01B9 /* libsqlite3.0.dylib */,
				02E1C1FF2605E6A700ADE9D4 /* libopencv_highgui.dylib */,
				02394C6E260503A000A013D0 /* libopencv_imgproc.dylib */,
				02394C6C2605039800A013D0 /* libopencv_imgcodecs.dylib */,
				02394C6A2605036B00A013D0 /* libopencv_core.dylib */,
			);
			name = Frameworks;
			sourceTree = "<group>";
		};
		025CF6C926373A3700FE0AFF /* Code */ = {
			isa = PBXGroup;
			children = (
				021AC7A326110732007F01B9 /* CVHelper.cpp */,
				02B4C4BF26372F6100FF4EDA /* DynamicCast.cpp */,
			);
			name = Code;
			sourceTree = "<group>";
		};
		02A6B25726378DD40001CAF1 /* haha */ = {
			isa = PBXGroup;
			children = (
				02A6B25826378DD40001CAF1 /* haha.h */,
				02A6B25A26378DD40001CAF1 /* haha.m */,
			);
			path = haha;
			sourceTree = "<group>";
		};
		02FC5D8D25D817DE005F77F5 = {
			isa = PBXGroup;
			children = (
				02FC5D9825D817DE005F77F5 /* DynamicCast */,
				02A6B25726378DD40001CAF1 /* haha */,
				02FC5D9725D817DE005F77F5 /* Products */,
				021EB78F2601E47200B0BD76 /* Frameworks */,
			);
			sourceTree = "<group>";
		};
		02FC5D9725D817DE005F77F5 /* Products */ = {
			isa = PBXGroup;
			children = (
				02B4C4B426372D2800FF4EDA /* libDynamicCast.dylib */,
			);
			name = Products;
			sourceTree = "<group>";
		};
		02FC5D9825D817DE005F77F5 /* DynamicCast */ = {
			isa = PBXGroup;
			children = (
				025CF6C926373A3700FE0AFF /* Code */,
				021AC7982610EE19007F01B9 /* Header File */,
			);
			path = DynamicCast;
			sourceTree = "<group>";
		};
/* End PBXGroup section */

/* Begin PBXHeadersBuildPhase section */
		02B4C4B226372D2800FF4EDA /* Headers */ = {
			isa = PBXHeadersBuildPhase;
			buildActionMask = 2147483647;
			files = (
				025CF6C62637362300FE0AFF /* DynamicCast.h in Headers */,
				025CF6C72637362300FE0AFF /* CVHelper.hpp in Headers */,
				025CF6C82637362300FE0AFF /* Basedefs.h in Headers */,
			);
			runOnlyForDeploymentPostprocessing = 0;
		};
/* End PBXHeadersBuildPhase section */

/* Begin PBXNativeTarget section */
		02B4C4B326372D2800FF4EDA /* DynamicCast */ = {
			isa = PBXNativeTarget;
			buildConfigurationList = 02B4C4BA26372D2800FF4EDA /* Build configuration list for PBXNativeTarget "DynamicCast" */;
			buildPhases = (
				02B4C4B026372D2800FF4EDA /* Sources */,
				02B4C4B126372D2800FF4EDA /* Frameworks */,
				02B4C4B226372D2800FF4EDA /* Headers */,
				02B4C4BD26372D4A00FF4EDA /* Linting */,
			);
			buildRules = (
			);
			dependencies = (
			);
			name = DynamicCast;
			productName = DynamicCast;
			productReference = 02B4C4B426372D2800FF4EDA /* libDynamicCast.dylib */;
			productType = "com.apple.product-type.library.dynamic";
		};
/* End PBXNativeTarget section */

/* Begin PBXProject section */
		02FC5D8E25D817DE005F77F5 /* Project object */ = {
			isa = PBXProject;
			attributes = {
				LastUpgradeCheck = 0930;
				ORGANIZATIONNAME = penghubingzhou;
				TargetAttributes = {
					02B4C4B326372D2800FF4EDA = {
						CreatedOnToolsVersion = 9.3;
					};
				};
			};
			buildConfigurationList = 02FC5D9125D817DE005F77F5 /* Build configuration list for PBXProject "DynamicCast" */;
			compatibilityVersion = "Xcode 9.3";
			developmentRegion = en;
			hasScannedForEncodings = 0;
			knownRegions = (
				en,
			);
			mainGroup = 02FC5D8D25D817DE005F77F5;
			productRefGroup = 02FC5D9725D817DE005F77F5 /* Products */;
			projectDirPath = "";
			projectRoot = "";
			targets = (
				02B4C4B326372D2800FF4EDA /* DynamicCast */,
			);
		};
/* End PBXProject section */

/* Begin PBXShellScriptBuildPhase section */
		02B4C4BD26372D4A00FF4EDA /* Linting */ = {
			isa = PBXShellScriptBuildPhase;
			buildActionMask = 2147483647;
			files = (
			);
			inputPaths = (
			);
			name = Linting;
			outputPaths = (
			);
			runOnlyForDeploymentPostprocessing = 0;
			shellPath = /bin/sh;
			shellScript = "cpplint --recursive --filter=-build/header_guard,-whitespace/line_length,-runtime/int ./";
		};
/* End PBXShellScriptBuildPhase section */

/* Begin PBXSourcesBuildPhase section */
		02B4C4B026372D2800FF4EDA /* Sources */ = {
			isa = PBXSourcesBuildPhase;
			buildActionMask = 2147483647;
			files = (
				02B4C5D32637336A00FF4EDA /* CVHelper.cpp in Sources */,
				02B4C4C026372F6100FF4EDA /* DynamicCast.cpp in Sources */,
			);
			runOnlyForDeploymentPostprocessing = 0;
		};
/* End PBXSourcesBuildPhase section */

/* Begin XCBuildConfiguration section */
		02B4C4BB26372D2800FF4EDA /* Debug */ = {
			isa = XCBuildConfiguration;
			buildSettings = {
				CODE_SIGN_STYLE = Automatic;
				DYLIB_COMPATIBILITY_VERSION = 1;
				DYLIB_CURRENT_VERSION = 1;
				DYLIB_INSTALL_NAME_BASE = "@executable_path/../Frameworks/";
				EXECUTABLE_PREFIX = lib;
				HEADER_SEARCH_PATHS = /usr/local/include/opencv4;
				LD_DYLIB_INSTALL_NAME = "@executable_path/../Frameworks/$(EXECUTABLE_PATH)";
				LIBRARY_SEARCH_PATHS = (
					"$(inherited)",
					/usr/local/lib,
					/usr/local/Cellar/sqlite/3.35.2/lib,
				);
				PRODUCT_NAME = "$(TARGET_NAME)";
				SKIP_INSTALL = YES;
			};
			name = Debug;
		};
		02B4C4BC26372D2800FF4EDA /* Release */ = {
			isa = XCBuildConfiguration;
			buildSettings = {
				CODE_SIGN_STYLE = Automatic;
				DYLIB_COMPATIBILITY_VERSION = 1;
				DYLIB_CURRENT_VERSION = 1;
				DYLIB_INSTALL_NAME_BASE = "@executable_path/../Frameworks/";
				EXECUTABLE_PREFIX = lib;
				HEADER_SEARCH_PATHS = /usr/local/include/opencv4;
				LD_DYLIB_INSTALL_NAME = "@executable_path/../Frameworks/$(EXECUTABLE_PATH)";
				LIBRARY_SEARCH_PATHS = (
					"$(inherited)",
					/usr/local/lib,
					/usr/local/Cellar/sqlite/3.35.2/lib,
				);
				PRODUCT_NAME = "$(TARGET_NAME)";
				SKIP_INSTALL = YES;
			};
			name = Release;
		};
		02FC5D9B25D817DE005F77F5 /* Debug */ = {
			isa = XCBuildConfiguration;
			buildSettings = {
				ALWAYS_SEARCH_USER_PATHS = NO;
				CLANG_ANALYZER_NONNULL = YES;
				CLANG_ANALYZER_NUMBER_OBJECT_CONVERSION = YES_AGGRESSIVE;
				CLANG_CXX_LANGUAGE_STANDARD = "gnu++14";
				CLANG_CXX_LIBRARY = "libc++";
				CLANG_ENABLE_MODULES = YES;
				CLANG_ENABLE_OBJC_ARC = YES;
				CLANG_ENABLE_OBJC_WEAK = YES;
				CLANG_WARN_BLOCK_CAPTURE_AUTORELEASING = YES;
				CLANG_WARN_BOOL_CONVERSION = YES;
				CLANG_WARN_COMMA = YES;
				CLANG_WARN_CONSTANT_CONVERSION = YES;
				CLANG_WARN_DEPRECATED_OBJC_IMPLEMENTATIONS = YES;
				CLANG_WARN_DIRECT_OBJC_ISA_USAGE = YES_ERROR;
				CLANG_WARN_DOCUMENTATION_COMMENTS = YES;
				CLANG_WARN_EMPTY_BODY = YES;
				CLANG_WARN_ENUM_CONVERSION = YES;
				CLANG_WARN_INFINITE_RECURSION = YES;
				CLANG_WARN_INT_CONVERSION = YES;
				CLANG_WARN_NON_LITERAL_NULL_CONVERSION = YES;
				CLANG_WARN_OBJC_IMPLICIT_RETAIN_SELF = YES;
				CLANG_WARN_OBJC_LITERAL_CONVERSION = YES;
				CLANG_WARN_OBJC_ROOT_CLASS = YES_ERROR;
				CLANG_WARN_RANGE_LOOP_ANALYSIS = YES;
				CLANG_WARN_STRICT_PROTOTYPES = YES;
				CLANG_WARN_SUSPICIOUS_MOVE = YES;
				CLANG_WARN_UNGUARDED_AVAILABILITY = YES_AGGRESSIVE;
				CLANG_WARN_UNREACHABLE_CODE = YES;
				CLANG_WARN__DUPLICATE_METHOD_MATCH = YES;
				CODE_SIGN_IDENTITY = "-";
				COPY_PHASE_STRIP = NO;
				DEBUG_INFORMATION_FORMAT = dwarf;
				ENABLE_STRICT_OBJC_MSGSEND = YES;
				ENABLE_TESTABILITY = YES;
				GCC_C_LANGUAGE_STANDARD = gnu11;
				GCC_DYNAMIC_NO_PIC = NO;
				GCC_NO_COMMON_BLOCKS = YES;
				GCC_OPTIMIZATION_LEVEL = 0;
				GCC_PREPROCESSOR_DEFINITIONS = (
					"DEBUG=1",
					"$(inherited)",
				);
				GCC_WARN_64_TO_32_BIT_CONVERSION = YES;
				GCC_WARN_ABOUT_RETURN_TYPE = YES_ERROR;
				GCC_WARN_UNDECLARED_SELECTOR = YES;
				GCC_WARN_UNINITIALIZED_AUTOS = YES_AGGRESSIVE;
				GCC_WARN_UNUSED_FUNCTION = YES;
				GCC_WARN_UNUSED_VARIABLE = YES;
				MACOSX_DEPLOYMENT_TARGET = 10.13;
				MTL_ENABLE_DEBUG_INFO = YES;
				ONLY_ACTIVE_ARCH = YES;
				SDKROOT = macosx;
			};
			name = Debug;
		};
		02FC5D9C25D817DE005F77F5 /* Release */ = {
			isa = XCBuildConfiguration;
			buildSettings = {
				ALWAYS_SEARCH_USER_PATHS = NO;
				CLANG_ANALYZER_NONNULL = YES;
				CLANG_ANALYZER_NUMBER_OBJECT_CONVERSION = YES_AGGRESSIVE;
				CLANG_CXX_LANGUAGE_STANDARD = "gnu++14";
				CLANG_CXX_LIBRARY = "libc++";
				CLANG_ENABLE_MODULES = YES;
				CLANG_ENABLE_OBJC_ARC = YES;
				CLANG_ENABLE_OBJC_WEAK = YES;
				CLANG_WARN_BLOCK_CAPTURE_AUTORELEASING = YES;
				CLANG_WARN_BOOL_CONVERSION = YES;
				CLANG_WARN_COMMA = YES;
				CLANG_WARN_CONSTANT_CONVERSION = YES;
				CLANG_WARN_DEPRECATED_OBJC_IMPLEMENTATIONS = YES;
				CLANG_WARN_DIRECT_OBJC_ISA_USAGE = YES_ERROR;
				CLANG_WARN_DOCUMENTATION_COMMENTS = YES;
				CLANG_WARN_EMPTY_BODY = YES;
				CLANG_WARN_ENUM_CONVERSION = YES;
				CLANG_WARN_INFINITE_RECURSION = YES;
				CLANG_WARN_INT_CONVERSION = YES;
				CLANG_WARN_NON_LITERAL_NULL_CONVERSION = YES;
				CLANG_WARN_OBJC_IMPLICIT_RETAIN_SELF = YES;
				CLANG_WARN_OBJC_LITERAL_CONVERSION = YES;
				CLANG_WARN_OBJC_ROOT_CLASS = YES_ERROR;
				CLANG_WARN_RANGE_LOOP_ANALYSIS = YES;
				CLANG_WARN_STRICT_PROTOTYPES = YES;
				CLANG_WARN_SUSPICIOUS_MOVE = YES;
				CLANG_WARN_UNGUARDED_AVAILABILITY = YES_AGGRESSIVE;
				CLANG_WARN_UNREACHABLE_CODE = YES;
				CLANG_WARN__DUPLICATE_METHOD_MATCH = YES;
				CODE_SIGN_IDENTITY = "-";
				COPY_PHASE_STRIP = NO;
				DEBUG_INFORMATION_FORMAT = "dwarf-with-dsym";
				ENABLE_NS_ASSERTIONS = NO;
				ENABLE_STRICT_OBJC_MSGSEND = YES;
				GCC_C_LANGUAGE_STANDARD = gnu11;
				GCC_NO_COMMON_BLOCKS = YES;
				GCC_WARN_64_TO_32_BIT_CONVERSION = YES;
				GCC_WARN_ABOUT_RETURN_TYPE = YES_ERROR;
				GCC_WARN_UNDECLARED_SELECTOR = YES;
				GCC_WARN_UNINITIALIZED_AUTOS = YES_AGGRESSIVE;
				GCC_WARN_UNUSED_FUNCTION = YES;
				GCC_WARN_UNUSED_VARIABLE = YES;
				MACOSX_DEPLOYMENT_TARGET = 10.13;
				MTL_ENABLE_DEBUG_INFO = NO;
				SDKROOT = macosx;
			};
			name = Release;
		};
/* End XCBuildConfiguration section */

/* Begin XCConfigurationList section */
		02B4C4BA26372D2800FF4EDA /* Build configuration list for PBXNativeTarget "DynamicCast" */ = {
			isa = XCConfigurationList;
			buildConfigurations = (
				02B4C4BB26372D2800FF4EDA /* Debug */,
				02B4C4BC26372D2800FF4EDA /* Release */,
			);
			defaultConfigurationIsVisible = 0;
			defaultConfigurationName = Release;
		};
		02FC5D9125D817DE005F77F5 /* Build configuration list for PBXProject "DynamicCast" */ = {
			isa = XCConfigurationList;
			buildConfigurations = (
				02FC5D9B25D817DE005F77F5 /* Debug */,
				02FC5D9C25D817DE005F77F5 /* Release */,
			);
			defaultConfigurationIsVisible = 0;
			defaultConfigurationName = Release;
		};
/* End XCConfigurationList section */
	};
	rootObject = 02FC5D8E25D817DE005F77F5 /* Project object */;
}
